
Microsoft Visual Studio Solution File, Format Version 12.00
# Visual Studio Version 17
VisualStudioVersion = 17.11.35222.181
MinimumVisualStudioVersion = 10.0.40219.1
Project("{9A19103F-16F7-4668-BE54-9A1E7A4F7556}") = "Server", "Mural_001\Server.csproj", "{44FDE9DF-A59B-4C3D-99E7-5FC44FB7CBA6}"
EndProject
Project("{FAE04EC0-301F-11D3-BF4B-00C04F79EFBC}") = "Client", "Mural Client\DoAnLon\Client.csproj", "{C1EE3B7A-C83B-4E16-9AC6-B38A3CF88D62}"
EndProject
Project("{FAE04EC0-301F-11D3-BF4B-00C04F79EFBC}") = "Home", "WindowsFormsApp1\Home.csproj", "{8B01BB05-837A-4013-9295-C277F86FF306}"
EndProject
Project("{FAE04EC0-301F-11D3-BF4B-00C04F79EFBC}") = "DoAnNho", "Offline\DoAnNho\DoAnNho.csproj", "{1F74A827-7C7C-42F0-9EAD-602A4BE80A2A}"
EndProject
Global
	GlobalSection(SolutionConfigurationPlatforms) = preSolution
		Debug|Any CPU = Debug|Any CPU
		Release|Any CPU = Release|Any CPU
	EndGlobalSection
	GlobalSection(ProjectConfigurationPlatforms) = postSolution
		{44FDE9DF-A59B-4C3D-99E7-5FC44FB7CBA6}.Debug|Any CPU.ActiveCfg = Debug|Any CPU
		{44FDE9DF-A59B-4C3D-99E7-5FC44FB7CBA6}.Debug|Any CPU.Build.0 = Debug|Any CPU
		{44FDE9DF-A59B-4C3D-99E7-5FC44FB7CBA6}.Release|Any CPU.ActiveCfg = Release|Any CPU
		{44FDE9DF-A59B-4C3D-99E7-5FC44FB7CBA6}.Release|Any CPU.Build.0 = Release|Any CPU
		{C1EE3B7A-C83B-4E16-9AC6-B38A3CF88D62}.Debug|Any CPU.ActiveCfg = Debug|Any CPU
		{C1EE3B7A-C83B-4E16-9AC6-B38A3CF88D62}.Debug|Any CPU.Build.0 = Debug|Any CPU
		{C1EE3B7A-C83B-4E16-9AC6-B38A3CF88D62}.Release|Any CPU.ActiveCfg = Release|Any CPU
		{C1EE3B7A-C83B-4E16-9AC6-B38A3CF88D62}.Release|Any CPU.Build.0 = Release|Any CPU
		{8B01BB05-837A-4013-9295-C277F86FF306}.Debug|Any CPU.ActiveCfg = Debug|Any CPU
		{8B01BB05-837A-4013-9295-C277F86FF306}.Debug|Any CPU.Build.0 = Debug|Any CPU
		{8B01BB05-837A-4013-9295-C277F86FF306}.Release|Any CPU.ActiveCfg = Release|Any CPU
		{8B01BB05-837A-4013-9295-C277F86FF306}.Release|Any CPU.Build.0 = Release|Any CPU
		{1F74A827-7C7C-42F0-9EAD-602A4BE80A2A}.Debug|Any CPU.ActiveCfg = Debug|Any CPU
		{1F74A827-7C7C-42F0-9EAD-602A4BE80A2A}.Debug|Any CPU.Build.0 = Debug|Any CPU
		{1F74A827-7C7C-42F0-9EAD-602A4BE80A2A}.Release|Any CPU.ActiveCfg = Release|Any CPU
		{1F74A827-7C7C-42F0-9EAD-602A4BE80A2A}.Release|Any CPU.Build.0 = Release|Any CPU
	EndGlobalSection
	GlobalSection(SolutionProperties) = preSolution
		HideSolutionNode = FALSE
	EndGlobalSection
	GlobalSection(ExtensibilityGlobals) = postSolution
		SolutionGuid = {C33CE925-C92A-44F9-A25D-3BFC76D858E7}
	EndGlobalSection
EndGlobal
